
Microsoft Visual Studio Solution File, Format Version 12.00
# Visual Studio 14
VisualStudioVersion = 14.0.23107.0
MinimumVisualStudioVersion = 10.0.40219.1
Project("{FAE04EC0-301F-11D3-BF4B-00C04F79EFBC}") = "GeolocationTest", "GeolocationTest.csproj", "{2DDD6C0F-877A-41A6-991F-7CB8C3AB27E4}"
EndProject
Project("{FAE04EC0-301F-11D3-BF4B-00C04F79EFBC}") = "GeolocationTest.iOS", "iOS\GeolocationTest.iOS.csproj", "{35F97EEF-616E-4CBC-A3E3-CD3D5B74BD82}"
EndProject
Project("{FAE04EC0-301F-11D3-BF4B-00C04F79EFBC}") = "GeolocationTest.Droid", "Droid\GeolocationTest.Droid.csproj", "{11E14916-3279-4065-9BCC-ADC5918AA7EC}"
EndProject
Global
	GlobalSection(SolutionConfigurationPlatforms) = preSolution
		Debug|Any CPU = Debug|Any CPU
		Debug|iPhone = Debug|iPhone
		Debug|iPhoneSimulator = Debug|iPhoneSimulator
		Release|Any CPU = Release|Any CPU
		Release|iPhone = Release|iPhone
		Release|iPhoneSimulator = Release|iPhoneSimulator
	EndGlobalSection
	GlobalSection(ProjectConfigurationPlatforms) = postSolution
		{2DDD6C0F-877A-41A6-991F-7CB8C3AB27E4}.Debug|Any CPU.ActiveCfg = Debug|Any CPU
		{2DDD6C0F-877A-41A6-991F-7CB8C3AB27E4}.Debug|Any CPU.Build.0 = Debug|Any CPU
		{2DDD6C0F-877A-41A6-991F-7CB8C3AB27E4}.Debug|iPhone.ActiveCfg = Debug|Any CPU
		{2DDD6C0F-877A-41A6-991F-7CB8C3AB27E4}.Debug|iPhone.Build.0 = Debug|Any CPU
		{2DDD6C0F-877A-41A6-991F-7CB8C3AB27E4}.Debug|iPhoneSimulator.ActiveCfg = Debug|Any CPU
		{2DDD6C0F-877A-41A6-991F-7CB8C3AB27E4}.Debug|iPhoneSimulator.Build.0 = Debug|Any CPU
		{2DDD6C0F-877A-41A6-991F-7CB8C3AB27E4}.Release|Any CPU.ActiveCfg = Release|Any CPU
		{2DDD6C0F-877A-41A6-991F-7CB8C3AB27E4}.Release|Any CPU.Build.0 = Release|Any CPU
		{2DDD6C0F-877A-41A6-991F-7CB8C3AB27E4}.Release|iPhone.ActiveCfg = Release|Any CPU
		{2DDD6C0F-877A-41A6-991F-7CB8C3AB27E4}.Release|iPhone.Build.0 = Release|Any CPU
		{2DDD6C0F-877A-41A6-991F-7CB8C3AB27E4}.Release|iPhoneSimulator.ActiveCfg = Release|Any CPU
		{2DDD6C0F-877A-41A6-991F-7CB8C3AB27E4}.Release|iPhoneSimulator.Build.0 = Release|Any CPU
		{35F97EEF-616E-4CBC-A3E3-CD3D5B74BD82}.Debug|Any CPU.ActiveCfg = Debug|iPhoneSimulator
		{35F97EEF-616E-4CBC-A3E3-CD3D5B74BD82}.Debug|Any CPU.Build.0 = Debug|iPhoneSimulator
		{35F97EEF-616E-4CBC-A3E3-CD3D5B74BD82}.Debug|iPhone.ActiveCfg = Debug|iPhone
		{35F97EEF-616E-4CBC-A3E3-CD3D5B74BD82}.Debug|iPhone.Build.0 = Debug|iPhone
		{35F97EEF-616E-4CBC-A3E3-CD3D5B74BD82}.Debug|iPhoneSimulator.ActiveCfg = Debug|iPhoneSimulator
		{35F97EEF-616E-4CBC-A3E3-CD3D5B74BD82}.Debug|iPhoneSimulator.Build.0 = Debug|iPhoneSimulator
		{35F97EEF-616E-4CBC-A3E3-CD3D5B74BD82}.Release|Any CPU.ActiveCfg = Release|iPhone
		{35F97EEF-616E-4CBC-A3E3-CD3D5B74BD82}.Release|Any CPU.Build.0 = Release|iPhone
		{35F97EEF-616E-4CBC-A3E3-CD3D5B74BD82}.Release|iPhone.ActiveCfg = Release|iPhone
		{35F97EEF-616E-4CBC-A3E3-CD3D5B74BD82}.Release|iPhone.Build.0 = Release|iPhone
		{35F97EEF-616E-4CBC-A3E3-CD3D5B74BD82}.Release|iPhoneSimulator.ActiveCfg = Release|iPhoneSimulator
		{35F97EEF-616E-4CBC-A3E3-CD3D5B74BD82}.Release|iPhoneSimulator.Build.0 = Release|iPhoneSimulator
		{11E14916-3279-4065-9BCC-ADC5918AA7EC}.Debug|Any CPU.ActiveCfg = Debug|Any CPU
		{11E14916-3279-4065-9BCC-ADC5918AA7EC}.Debug|Any CPU.Build.0 = Debug|Any CPU
		{11E14916-3279-4065-9BCC-ADC5918AA7EC}.Debug|Any CPU.Deploy.0 = Debug|Any CPU
		{11E14916-3279-4065-9BCC-ADC5918AA7EC}.Debug|iPhone.ActiveCfg = Debug|Any CPU
		{11E14916-3279-4065-9BCC-ADC5918AA7EC}.Debug|iPhone.Build.0 = Debug|Any CPU
		{11E14916-3279-4065-9BCC-ADC5918AA7EC}.Debug|iPhoneSimulator.ActiveCfg = Debug|Any CPU
		{11E14916-3279-4065-9BCC-ADC5918AA7EC}.Debug|iPhoneSimulator.Build.0 = Debug|Any CPU
		{11E14916-3279-4065-9BCC-ADC5918AA7EC}.Release|Any CPU.ActiveCfg = Release|Any CPU
		{11E14916-3279-4065-9BCC-ADC5918AA7EC}.Release|Any CPU.Build.0 = Release|Any CPU
		{11E14916-3279-4065-9BCC-ADC5918AA7EC}.Release|iPhone.ActiveCfg = Release|Any CPU
		{11E14916-3279-4065-9BCC-ADC5918AA7EC}.Release|iPhone.Build.0 = Release|Any CPU
		{11E14916-3279-4065-9BCC-ADC5918AA7EC}.Release|iPhoneSimulator.ActiveCfg = Release|Any CPU
		{11E14916-3279-4065-9BCC-ADC5918AA7EC}.Release|iPhoneSimulator.Build.0 = Release|Any CPU
	EndGlobalSection
	GlobalSection(SolutionProperties) = preSolution
		HideSolutionNode = FALSE
	EndGlobalSection
EndGlobal
